
Microsoft Visual Studio Solution File, Format Version 12.00
# Visual Studio Version 17
VisualStudioVersion = 17.3.32804.467
MinimumVisualStudioVersion = 10.0.40219.1
Project("{9A19103F-16F7-4668-BE54-9A1E7A4F7556}") = "ReddellJ.UsageImporter.Tests", "ReddellJ.UsageImporter.Tests\ReddellJ.UsageImporter.Tests.csproj", "{3F67C987-C4FC-4170-8004-A7D451EDA3EC}"
EndProject
Project("{9A19103F-16F7-4668-BE54-9A1E7A4F7556}") = "ReddellJ.UsageImporter", "ReddellJ.UsageImporter\ReddellJ.UsageImporter.csproj", "{3A429931-D936-4889-A3DD-841AF86C3A7B}"
EndProject
Global
	GlobalSection(SolutionConfigurationPlatforms) = preSolution
		Debug|Any CPU = Debug|Any CPU
		Release|Any CPU = Release|Any CPU
	EndGlobalSection
	GlobalSection(ProjectConfigurationPlatforms) = postSolution
		{3F67C987-C4FC-4170-8004-A7D451EDA3EC}.Debug|Any CPU.ActiveCfg = Debug|Any CPU
		{3F67C987-C4FC-4170-8004-A7D451EDA3EC}.Debug|Any CPU.Build.0 = Debug|Any CPU
		{3F67C987-C4FC-4170-8004-A7D451EDA3EC}.Release|Any CPU.ActiveCfg = Release|Any CPU
		{3F67C987-C4FC-4170-8004-A7D451EDA3EC}.Release|Any CPU.Build.0 = Release|Any CPU
		{3A429931-D936-4889-A3DD-841AF86C3A7B}.Debug|Any CPU.ActiveCfg = Debug|Any CPU
		{3A429931-D936-4889-A3DD-841AF86C3A7B}.Debug|Any CPU.Build.0 = Debug|Any CPU
		{3A429931-D936-4889-A3DD-841AF86C3A7B}.Release|Any CPU.ActiveCfg = Release|Any CPU
		{3A429931-D936-4889-A3DD-841AF86C3A7B}.Release|Any CPU.Build.0 = Release|Any CPU
	EndGlobalSection
	GlobalSection(SolutionProperties) = preSolution
		HideSolutionNode = FALSE
	EndGlobalSection
	GlobalSection(ExtensibilityGlobals) = postSolution
		SolutionGuid = {2EAC17EC-1BD8-4A80-9A15-39B018F4F3EF}
	EndGlobalSection
EndGlobal
